// !$*UTF8*$!
{
	archiveVersion = 1;
	classes = {
	};
	objectVersion = 46;
	objects = {

/* Begin PBXBuildFile section */
		C0215C351C3027E300E4714C /* main.m in Sources */ = {isa = PBXBuildFile; fileRef = C0215C341C3027E300E4714C /* main.m */; };
		C0215C381C3027E300E4714C /* AppDelegate.m in Sources */ = {isa = PBXBuildFile; fileRef = C0215C371C3027E300E4714C /* AppDelegate.m */; };
		C0215C3B1C3027E300E4714C /* ViewController.m in Sources */ = {isa = PBXBuildFile; fileRef = C0215C3A1C3027E300E4714C /* ViewController.m */; };
		C0215C3E1C3027E300E4714C /* Main.storyboard in Resources */ = {isa = PBXBuildFile; fileRef = C0215C3C1C3027E300E4714C /* Main.storyboard */; };
		C0215C411C3027E300E4714C /* SlimNote.xcdatamodeld in Sources */ = {isa = PBXBuildFile; fileRef = C0215C3F1C3027E300E4714C /* SlimNote.xcdatamodeld */; };
		C0215C431C3027E300E4714C /* Assets.xcassets in Resources */ = {isa = PBXBuildFile; fileRef = C0215C421C3027E300E4714C /* Assets.xcassets */; };
		C0215C461C3027E300E4714C /* LaunchScreen.storyboard in Resources */ = {isa = PBXBuildFile; fileRef = C0215C441C3027E300E4714C /* LaunchScreen.storyboard */; };
		C0215C511C3027E300E4714C /* SlimNoteTests.m in Sources */ = {isa = PBXBuildFile; fileRef = C0215C501C3027E300E4714C /* SlimNoteTests.m */; };
		C0215C5C1C3027E300E4714C /* SlimNoteUITests.m in Sources */ = {isa = PBXBuildFile; fileRef = C0215C5B1C3027E300E4714C /* SlimNoteUITests.m */; };
		C0215C721C303CD600E4714C /* RemindViewController.m in Sources */ = {isa = PBXBuildFile; fileRef = C0215C711C303CD600E4714C /* RemindViewController.m */; };
/* End PBXBuildFile section */

/* Begin PBXContainerItemProxy section */
		C0215C4D1C3027E300E4714C /* PBXContainerItemProxy */ = {
			isa = PBXContainerItemProxy;
			containerPortal = C0215C281C3027E300E4714C /* Project object */;
			proxyType = 1;
			remoteGlobalIDString = C0215C2F1C3027E300E4714C;
			remoteInfo = SlimNote;
		};
		C0215C581C3027E300E4714C /* PBXContainerItemProxy */ = {
			isa = PBXContainerItemProxy;
			containerPortal = C0215C281C3027E300E4714C /* Project object */;
			proxyType = 1;
			remoteGlobalIDString = C0215C2F1C3027E300E4714C;
			remoteInfo = SlimNote;
		};
/* End PBXContainerItemProxy section */

/* Begin PBXFileReference section */
		C0215C301C3027E300E4714C /* SlimNote.app */ = {isa = PBXFileReference; explicitFileType = wrapper.application; includeInIndex = 0; path = SlimNote.app; sourceTree = BUILT_PRODUCTS_DIR; };
		C0215C341C3027E300E4714C /* main.m */ = {isa = PBXFileReference; lastKnownFileType = sourcecode.c.objc; path = main.m; sourceTree = "<group>"; };
		C0215C361C3027E300E4714C /* AppDelegate.h */ = {isa = PBXFileReference; lastKnownFileType = sourcecode.c.h; path = AppDelegate.h; sourceTree = "<group>"; };
		C0215C371C3027E300E4714C /* AppDelegate.m */ = {isa = PBXFileReference; lastKnownFileType = sourcecode.c.objc; path = AppDelegate.m; sourceTree = "<group>"; };
		C0215C391C3027E300E4714C /* ViewController.h */ = {isa = PBXFileReference; lastKnownFileType = sourcecode.c.h; path = ViewController.h; sourceTree = "<group>"; };
		C0215C3A1C3027E300E4714C /* ViewController.m */ = {isa = PBXFileReference; lastKnownFileType = sourcecode.c.objc; path = ViewController.m; sourceTree = "<group>"; };
		C0215C3D1C3027E300E4714C /* Base */ = {isa = PBXFileReference; lastKnownFileType = file.storyboard; name = Base; path = Base.lproj/Main.storyboard; sourceTree = "<group>"; };
		C0215C401C3027E300E4714C /* SlimNote.xcdatamodel */ = {isa = PBXFileReference; lastKnownFileType = wrapper.xcdatamodel; path = SlimNote.xcdatamodel; sourceTree = "<group>"; };
		C0215C421C3027E300E4714C /* Assets.xcassets */ = {isa = PBXFileReference; lastKnownFileType = folder.assetcatalog; path = Assets.xcassets; sourceTree = "<group>"; };
		C0215C451C3027E300E4714C /* Base */ = {isa = PBXFileReference; lastKnownFileType = file.storyboard; name = Base; path = Base.lproj/LaunchScreen.storyboard; sourceTree = "<group>"; };
		C0215C471C3027E300E4714C /* Info.plist */ = {isa = PBXFileReference; lastKnownFileType = text.plist.xml; path = Info.plist; sourceTree = "<group>"; };
		C0215C4C1C3027E300E4714C /* SlimNoteTests.xctest */ = {isa = PBXFileReference; explicitFileType = wrapper.cfbundle; includeInIndex = 0; path = SlimNoteTests.xctest; sourceTree = BUILT_PRODUCTS_DIR; };
		C0215C501C3027E300E4714C /* SlimNoteTests.m */ = {isa = PBXFileReference; lastKnownFileType = sourcecode.c.objc; path = SlimNoteTests.m; sourceTree = "<group>"; };
		C0215C521C3027E300E4714C /* Info.plist */ = {isa = PBXFileReference; lastKnownFileType = text.plist.xml; path = Info.plist; sourceTree = "<group>"; };
		C0215C571C3027E300E4714C /* SlimNoteUITests.xctest */ = {isa = PBXFileReference; explicitFileType = wrapper.cfbundle; includeInIndex = 0; path = SlimNoteUITests.xctest; sourceTree = BUILT_PRODUCTS_DIR; };
		C0215C5B1C3027E300E4714C /* SlimNoteUITests.m */ = {isa = PBXFileReference; lastKnownFileType = sourcecode.c.objc; path = SlimNoteUITests.m; sourceTree = "<group>"; };
		C0215C5D1C3027E300E4714C /* Info.plist */ = {isa = PBXFileReference; lastKnownFileType = text.plist.xml; path = Info.plist; sourceTree = "<group>"; };
		C0215C701C303CC500E4714C /* RemindViewController.h */ = {isa = PBXFileReference; lastKnownFileType = sourcecode.c.h; path = RemindViewController.h; sourceTree = "<group>"; };
		C0215C711C303CD600E4714C /* RemindViewController.m */ = {isa = PBXFileReference; fileEncoding = 4; lastKnownFileType = sourcecode.c.objc; path = RemindViewController.m; sourceTree = "<group>"; };
/* End PBXFileReference section */

/* Begin PBXFrameworksBuildPhase section */
		C0215C2D1C3027E300E4714C /* Frameworks */ = {
			isa = PBXFrameworksBuildPhase;
			buildActionMask = 2147483647;
			files = (
			);
			runOnlyForDeploymentPostprocessing = 0;
		};
		C0215C491C3027E300E4714C /* Frameworks */ = {
			isa = PBXFrameworksBuildPhase;
			buildActionMask = 2147483647;
			files = (
			);
			runOnlyForDeploymentPostprocessing = 0;
		};
		C0215C541C3027E300E4714C /* Frameworks */ = {
			isa = PBXFrameworksBuildPhase;
			buildActionMask = 2147483647;
			files = (
			);
			runOnlyForDeploymentPostprocessing = 0;
		};
/* End PBXFrameworksBuildPhase section */

/* Begin PBXGroup section */
		C0215C271C3027E300E4714C = {
			isa = PBXGroup;
			children = (
				C0215C321C3027E300E4714C /* SlimNote */,
				C0215C4F1C3027E300E4714C /* SlimNoteTests */,
				C0215C5A1C3027E300E4714C /* SlimNoteUITests */,
				C0215C311C3027E300E4714C /* Products */,
			);
			sourceTree = "<group>";
		};
		C0215C311C3027E300E4714C /* Products */ = {
			isa = PBXGroup;
			children = (
				C0215C301C3027E300E4714C /* SlimNote.app */,
				C0215C4C1C3027E300E4714C /* SlimNoteTests.xctest */,
				C0215C571C3027E300E4714C /* SlimNoteUITests.xctest */,
			);
			name = Products;
			sourceTree = "<group>";
		};
		C0215C321C3027E300E4714C /* SlimNote */ = {
			isa = PBXGroup;
			children = (
				C0215C6A1C302CEB00E4714C /* Base */,
				C0215C691C302CDD00E4714C /* ViewController */,
				C0215C3C1C3027E300E4714C /* Main.storyboard */,
				C0215C331C3027E300E4714C /* Supporting Files */,
			);
			path = SlimNote;
			sourceTree = "<group>";
		};
		C0215C331C3027E300E4714C /* Supporting Files */ = {
			isa = PBXGroup;
			children = (
				C0215C341C3027E300E4714C /* main.m */,
			);
			name = "Supporting Files";
			sourceTree = "<group>";
		};
		C0215C4F1C3027E300E4714C /* SlimNoteTests */ = {
			isa = PBXGroup;
			children = (
				C0215C501C3027E300E4714C /* SlimNoteTests.m */,
				C0215C521C3027E300E4714C /* Info.plist */,
			);
			path = SlimNoteTests;
			sourceTree = "<group>";
		};
		C0215C5A1C3027E300E4714C /* SlimNoteUITests */ = {
			isa = PBXGroup;
			children = (
				C0215C5B1C3027E300E4714C /* SlimNoteUITests.m */,
				C0215C5D1C3027E300E4714C /* Info.plist */,
			);
			path = SlimNoteUITests;
			sourceTree = "<group>";
		};
		C0215C691C302CDD00E4714C /* ViewController */ = {
			isa = PBXGroup;
			children = (
				C0215C391C3027E300E4714C /* ViewController.h */,
				C0215C3A1C3027E300E4714C /* ViewController.m */,
				C0215C701C303CC500E4714C /* RemindViewController.h */,
				C0215C711C303CD600E4714C /* RemindViewController.m */,
			);
			name = ViewController;
			sourceTree = "<group>";
		};
		C0215C6A1C302CEB00E4714C /* Base */ = {
			isa = PBXGroup;
			children = (
				C0215C441C3027E300E4714C /* LaunchScreen.storyboard */,
				C0215C371C3027E300E4714C /* AppDelegate.m */,
				C0215C361C3027E300E4714C /* AppDelegate.h */,
				C0215C421C3027E300E4714C /* Assets.xcassets */,
				C0215C3F1C3027E300E4714C /* SlimNote.xcdatamodeld */,
				C0215C471C3027E300E4714C /* Info.plist */,
			);
			name = Base;
			sourceTree = "<group>";
		};
/* End PBXGroup section */

/* Begin PBXNativeTarget section */
		C0215C2F1C3027E300E4714C /* SlimNote */ = {
			isa = PBXNativeTarget;
			buildConfigurationList = C0215C601C3027E300E4714C /* Build configuration list for PBXNativeTarget "SlimNote" */;
			buildPhases = (
				C0215C2C1C3027E300E4714C /* Sources */,
				C0215C2D1C3027E300E4714C /* Frameworks */,
				C0215C2E1C3027E300E4714C /* Resources */,
			);
			buildRules = (
			);
			dependencies = (
			);
			name = SlimNote;
			productName = SlimNote;
			productReference = C0215C301C3027E300E4714C /* SlimNote.app */;
			productType = "com.apple.product-type.application";
		};
		C0215C4B1C3027E300E4714C /* SlimNoteTests */ = {
			isa = PBXNativeTarget;
			buildConfigurationList = C0215C631C3027E300E4714C /* Build configuration list for PBXNativeTarget "SlimNoteTests" */;
			buildPhases = (
				C0215C481C3027E300E4714C /* Sources */,
				C0215C491C3027E300E4714C /* Frameworks */,
				C0215C4A1C3027E300E4714C /* Resources */,
			);
			buildRules = (
			);
			dependencies = (
				C0215C4E1C3027E300E4714C /* PBXTargetDependency */,
			);
			name = SlimNoteTests;
			productName = SlimNoteTests;
			productReference = C0215C4C1C3027E300E4714C /* SlimNoteTests.xctest */;
			productType = "com.apple.product-type.bundle.unit-test";
		};
		C0215C561C3027E300E4714C /* SlimNoteUITests */ = {
			isa = PBXNativeTarget;
			buildConfigurationList = C0215C661C3027E300E4714C /* Build configuration list for PBXNativeTarget "SlimNoteUITests" */;
			buildPhases = (
				C0215C531C3027E300E4714C /* Sources */,
				C0215C541C3027E300E4714C /* Frameworks */,
				C0215C551C3027E300E4714C /* Resources */,
			);
			buildRules = (
			);
			dependencies = (
				C0215C591C3027E300E4714C /* PBXTargetDependency */,
			);
			name = SlimNoteUITests;
			productName = SlimNoteUITests;
			productReference = C0215C571C3027E300E4714C /* SlimNoteUITests.xctest */;
			productType = "com.apple.product-type.bundle.ui-testing";
		};
/* End PBXNativeTarget section */

/* Begin PBXProject section */
		C0215C281C3027E300E4714C /* Project object */ = {
			isa = PBXProject;
			attributes = {
				LastUpgradeCheck = 0720;
				ORGANIZATIONNAME = Geetion;
				TargetAttributes = {
					C0215C2F1C3027E300E4714C = {
						CreatedOnToolsVersion = 7.2;
					};
					C0215C4B1C3027E300E4714C = {
						CreatedOnToolsVersion = 7.2;
						TestTargetID = C0215C2F1C3027E300E4714C;
					};
					C0215C561C3027E300E4714C = {
						CreatedOnToolsVersion = 7.2;
						TestTargetID = C0215C2F1C3027E300E4714C;
					};
				};
			};
			buildConfigurationList = C0215C2B1C3027E300E4714C /* Build configuration list for PBXProject "SlimNote" */;
			compatibilityVersion = "Xcode 3.2";
			developmentRegion = English;
			hasScannedForEncodings = 0;
			knownRegions = (
				en,
				Base,
			);
			mainGroup = C0215C271C3027E300E4714C;
			productRefGroup = C0215C311C3027E300E4714C /* Products */;
			projectDirPath = "";
			projectRoot = "";
			targets = (
				C0215C2F1C3027E300E4714C /* SlimNote */,
				C0215C4B1C3027E300E4714C /* SlimNoteTests */,
				C0215C561C3027E300E4714C /* SlimNoteUITests */,
			);
		};
/* End PBXProject section */

/* Begin PBXResourcesBuildPhase section */
		C0215C2E1C3027E300E4714C /* Resources */ = {
			isa = PBXResourcesBuildPhase;
			buildActionMask = 2147483647;
			files = (
				C0215C461C3027E300E4714C /* LaunchScreen.storyboard in Resources */,
				C0215C431C3027E300E4714C /* Assets.xcassets in Resources */,
				C0215C3E1C3027E300E4714C /* Main.storyboard in Resources */,
			);
			runOnlyForDeploymentPostprocessing = 0;
		};
		C0215C4A1C3027E300E4714C /* Resources */ = {
			isa = PBXResourcesBuildPhase;
			buildActionMask = 2147483647;
			files = (
			);
			runOnlyForDeploymentPostprocessing = 0;
		};
		C0215C551C3027E300E4714C /* Resources */ = {
			isa = PBXResourcesBuildPhase;
			buildActionMask = 2147483647;
			files = (
			);
			runOnlyForDeploymentPostprocessing = 0;
		};
/* End PBXResourcesBuildPhase section */

/* Begin PBXSourcesBuildPhase section */
		C0215C2C1C3027E300E4714C /* Sources */ = {
			isa = PBXSourcesBuildPhase;
			buildActionMask = 2147483647;
			files = (
				C0215C411C3027E300E4714C /* SlimNote.xcdatamodeld in Sources */,
				C0215C3B1C3027E300E4714C /* ViewController.m in Sources */,
				C0215C381C3027E300E4714C /* AppDelegate.m in Sources */,
				C0215C721C303CD600E4714C /* RemindViewController.m in Sources */,
				C0215C351C3027E300E4714C /* main.m in Sources */,
			);
			runOnlyForDeploymentPostprocessing = 0;
		};
		C0215C481C3027E300E4714C /* Sources */ = {
			isa = PBXSourcesBuildPhase;
			buildActionMask = 2147483647;
			files = (
				C0215C511C3027E300E4714C /* SlimNoteTests.m in Sources */,
			);
			runOnlyForDeploymentPostprocessing = 0;
		};
		C0215C531C3027E300E4714C /* Sources */ = {
			isa = PBXSourcesBuildPhase;
			buildActionMask = 2147483647;
			files = (
				C0215C5C1C3027E300E4714C /* SlimNoteUITests.m in Sources */,
			);
			runOnlyForDeploymentPostprocessing = 0;
		};
/* End PBXSourcesBuildPhase section */

/* Begin PBXTargetDependency section */
		C0215C4E1C3027E300E4714C /* PBXTargetDependency */ = {
			isa = PBXTargetDependency;
			target = C0215C2F1C3027E300E4714C /* SlimNote */;
			targetProxy = C0215C4D1C3027E300E4714C /* PBXContainerItemProxy */;
		};
		C0215C591C3027E300E4714C /* PBXTargetDependency */ = {
			isa = PBXTargetDependency;
			target = C0215C2F1C3027E300E4714C /* SlimNote */;
			targetProxy = C0215C581C3027E300E4714C /* PBXContainerItemProxy */;
		};
/* End PBXTargetDependency section */

/* Begin PBXVariantGroup section */
		C0215C3C1C3027E300E4714C /* Main.storyboard */ = {
			isa = PBXVariantGroup;
			children = (
				C0215C3D1C3027E300E4714C /* Base */,
			);
			name = Main.storyboard;
			sourceTree = "<group>";
		};
		C0215C441C3027E300E4714C /* LaunchScreen.storyboard */ = {
			isa = PBXVariantGroup;
			children = (
				C0215C451C3027E300E4714C /* Base */,
			);
			name = LaunchScreen.storyboard;
			sourceTree = "<group>";
		};
/* End PBXVariantGroup section */

/* Begin XCBuildConfiguration section */
		C0215C5E1C3027E300E4714C /* Debug */ = {
			isa = XCBuildConfiguration;
			buildSettings = {
				ALWAYS_SEARCH_USER_PATHS = NO;
				CLANG_CXX_LANGUAGE_STANDARD = "gnu++0x";
				CLANG_CXX_LIBRARY = "libc++";
				CLANG_ENABLE_MODULES = YES;
				CLANG_ENABLE_OBJC_ARC = YES;
				CLANG_WARN_BOOL_CONVERSION = YES;
				CLANG_WARN_CONSTANT_CONVERSION = YES;
				CLANG_WARN_DIRECT_OBJC_ISA_USAGE = YES_ERROR;
				CLANG_WARN_EMPTY_BODY = YES;
				CLANG_WARN_ENUM_CONVERSION = YES;
				CLANG_WARN_INT_CONVERSION = YES;
				CLANG_WARN_OBJC_ROOT_CLASS = YES_ERROR;
				CLANG_WARN_UNREACHABLE_CODE = YES;
				CLANG_WARN__DUPLICATE_METHOD_MATCH = YES;
				"CODE_SIGN_IDENTITY[sdk=iphoneos*]" = "iPhone Developer";
				COPY_PHASE_STRIP = NO;
				DEBUG_INFORMATION_FORMAT = dwarf;
				ENABLE_STRICT_OBJC_MSGSEND = YES;
				ENABLE_TESTABILITY = YES;
				GCC_C_LANGUAGE_STANDARD = gnu99;
				GCC_DYNAMIC_NO_PIC = NO;
				GCC_NO_COMMON_BLOCKS = YES;
				GCC_OPTIMIZATION_LEVEL = 0;
				GCC_PREPROCESSOR_DEFINITIONS = (
					"DEBUG=1",
					"$(inherited)",
				);
				GCC_WARN_64_TO_32_BIT_CONVERSION = YES;
				GCC_WARN_ABOUT_RETURN_TYPE = YES_ERROR;
				GCC_WARN_UNDECLARED_SELECTOR = YES;
				GCC_WARN_UNINITIALIZED_AUTOS = YES_AGGRESSIVE;
				GCC_WARN_UNUSED_FUNCTION = YES;
				GCC_WARN_UNUSED_VARIABLE = YES;
				IPHONEOS_DEPLOYMENT_TARGET = 9.2;
				MTL_ENABLE_DEBUG_INFO = YES;
				ONLY_ACTIVE_ARCH = YES;
				SDKROOT = iphoneos;
			};
			name = Debug;
		};
		C0215C5F1C3027E300E4714C /* Release */ = {
			isa = XCBuildConfiguration;
			buildSettings = {
				ALWAYS_SEARCH_USER_PATHS = NO;
				CLANG_CXX_LANGUAGE_STANDARD = "gnu++0x";
				CLANG_CXX_LIBRARY = "libc++";
				CLANG_ENABLE_MODULES = YES;
				CLANG_ENABLE_OBJC_ARC = YES;
				CLANG_WARN_BOOL_CONVERSION = YES;
				CLANG_WARN_CONSTANT_CONVERSION = YES;
				CLANG_WARN_DIRECT_OBJC_ISA_USAGE = YES_ERROR;
				CLANG_WARN_EMPTY_BODY = YES;
				CLANG_WARN_ENUM_CONVERSION = YES;
				CLANG_WARN_INT_CONVERSION = YES;
				CLANG_WARN_OBJC_ROOT_CLASS = YES_ERROR;
				CLANG_WARN_UNREACHABLE_CODE = YES;
				CLANG_WARN__DUPLICATE_METHOD_MATCH = YES;
				"CODE_SIGN_IDENTITY[sdk=iphoneos*]" = "iPhone Developer";
				COPY_PHASE_STRIP = NO;
				DEBUG_INFORMATION_FORMAT = "dwarf-with-dsym";
				ENABLE_NS_ASSERTIONS = NO;
				ENABLE_STRICT_OBJC_MSGSEND = YES;
				GCC_C_LANGUAGE_STANDARD = gnu99;
				GCC_NO_COMMON_BLOCKS = YES;
				GCC_WARN_64_TO_32_BIT_CONVERSION = YES;
				GCC_WARN_ABOUT_RETURN_TYPE = YES_ERROR;
				GCC_WARN_UNDECLARED_SELECTOR = YES;
				GCC_WARN_UNINITIALIZED_AUTOS = YES_AGGRESSIVE;
				GCC_WARN_UNUSED_FUNCTION = YES;
				GCC_WARN_UNUSED_VARIABLE = YES;
				IPHONEOS_DEPLOYMENT_TARGET = 9.2;
				MTL_ENABLE_DEBUG_INFO = NO;
				SDKROOT = iphoneos;
				VALIDATE_PRODUCT = YES;
			};
			name = Release;
		};
		C0215C611C3027E300E4714C /* Debug */ = {
			isa = XCBuildConfiguration;
			buildSettings = {
				ASSETCATALOG_COMPILER_APPICON_NAME = AppIcon;
				INFOPLIST_FILE = SlimNote/Info.plist;
				LD_RUNPATH_SEARCH_PATHS = "$(inherited) @executable_path/Frameworks";
				PRODUCT_BUNDLE_IDENTIFIER = Geetion.SlimNote;
				PRODUCT_NAME = "$(TARGET_NAME)";
			};
			name = Debug;
		};
		C0215C621C3027E300E4714C /* Release */ = {
			isa = XCBuildConfiguration;
			buildSettings = {
				ASSETCATALOG_COMPILER_APPICON_NAME = AppIcon;
				INFOPLIST_FILE = SlimNote/Info.plist;
				LD_RUNPATH_SEARCH_PATHS = "$(inherited) @executable_path/Frameworks";
				PRODUCT_BUNDLE_IDENTIFIER = Geetion.SlimNote;
				PRODUCT_NAME = "$(TARGET_NAME)";
			};
			name = Release;
		};
		C0215C641C3027E300E4714C /* Debug */ = {
			isa = XCBuildConfiguration;
			buildSettings = {
				BUNDLE_LOADER = "$(TEST_HOST)";
				INFOPLIST_FILE = SlimNoteTests/Info.plist;
				LD_RUNPATH_SEARCH_PATHS = "$(inherited) @executable_path/Frameworks @loader_path/Frameworks";
				PRODUCT_BUNDLE_IDENTIFIER = Geetion.SlimNoteTests;
				PRODUCT_NAME = "$(TARGET_NAME)";
				TEST_HOST = "$(BUILT_PRODUCTS_DIR)/SlimNote.app/SlimNote";
			};
			name = Debug;
		};
		C0215C651C3027E300E4714C /* Release */ = {
			isa = XCBuildConfiguration;
			buildSettings = {
				BUNDLE_LOADER = "$(TEST_HOST)";
				INFOPLIST_FILE = SlimNoteTests/Info.plist;
				LD_RUNPATH_SEARCH_PATHS = "$(inherited) @executable_path/Frameworks @loader_path/Frameworks";
				PRODUCT_BUNDLE_IDENTIFIER = Geetion.SlimNoteTests;
				PRODUCT_NAME = "$(TARGET_NAME)";
				TEST_HOST = "$(BUILT_PRODUCTS_DIR)/SlimNote.app/SlimNote";
			};
			name = Release;
		};
		C0215C671C3027E300E4714C /* Debug */ = {
			isa = XCBuildConfiguration;
			buildSettings = {
				INFOPLIST_FILE = SlimNoteUITests/Info.plist;
				LD_RUNPATH_SEARCH_PATHS = "$(inherited) @executable_path/Frameworks @loader_path/Frameworks";
				PRODUCT_BUNDLE_IDENTIFIER = Geetion.SlimNoteUITests;
				PRODUCT_NAME = "$(TARGET_NAME)";
				TEST_TARGET_NAME = SlimNote;
				USES_XCTRUNNER = YES;
			};
			name = Debug;
		};
		C0215C681C3027E300E4714C /* Release */ = {
			isa = XCBuildConfiguration;
			buildSettings = {
				INFOPLIST_FILE = SlimNoteUITests/Info.plist;
				LD_RUNPATH_SEARCH_PATHS = "$(inherited) @executable_path/Frameworks @loader_path/Frameworks";
				PRODUCT_BUNDLE_IDENTIFIER = Geetion.SlimNoteUITests;
				PRODUCT_NAME = "$(TARGET_NAME)";
				TEST_TARGET_NAME = SlimNote;
				USES_XCTRUNNER = YES;
			};
			name = Release;
		};
/* End XCBuildConfiguration section */

/* Begin XCConfigurationList section */
		C0215C2B1C3027E300E4714C /* Build configuration list for PBXProject "SlimNote" */ = {
			isa = XCConfigurationList;
			buildConfigurations = (
				C0215C5E1C3027E300E4714C /* Debug */,
				C0215C5F1C3027E300E4714C /* Release */,
			);
			defaultConfigurationIsVisible = 0;
			defaultConfigurationName = Release;
		};
		C0215C601C3027E300E4714C /* Build configuration list for PBXNativeTarget "SlimNote" */ = {
			isa = XCConfigurationList;
			buildConfigurations = (
				C0215C611C3027E300E4714C /* Debug */,
				C0215C621C3027E300E4714C /* Release */,
			);
			defaultConfigurationIsVisible = 0;
		};
		C0215C631C3027E300E4714C /* Build configuration list for PBXNativeTarget "SlimNoteTests" */ = {
			isa = XCConfigurationList;
			buildConfigurations = (
				C0215C641C3027E300E4714C /* Debug */,
				C0215C651C3027E300E4714C /* Release */,
			);
			defaultConfigurationIsVisible = 0;
		};
		C0215C661C3027E300E4714C /* Build configuration list for PBXNativeTarget "SlimNoteUITests" */ = {
			isa = XCConfigurationList;
			buildConfigurations = (
				C0215C671C3027E300E4714C /* Debug */,
				C0215C681C3027E300E4714C /* Release */,
			);
			defaultConfigurationIsVisible = 0;
		};
/* End XCConfigurationList section */

/* Begin XCVersionGroup section */
		C0215C3F1C3027E300E4714C /* SlimNote.xcdatamodeld */ = {
			isa = XCVersionGroup;
			children = (
				C0215C401C3027E300E4714C /* SlimNote.xcdatamodel */,
			);
			currentVersion = C0215C401C3027E300E4714C /* SlimNote.xcdatamodel */;
			path = SlimNote.xcdatamodeld;
			sourceTree = "<group>";
			versionGroupType = wrapper.xcdatamodel;
		};
/* End XCVersionGroup section */
	};
	rootObject = C0215C281C3027E300E4714C /* Project object */;
}
